
Microsoft Visual Studio Solution File, Format Version 12.00
# Visual Studio 14
VisualStudioVersion = 14.0.25123.0
MinimumVisualStudioVersion = 10.0.40219.1
Project("{FAE04EC0-301F-11D3-BF4B-00C04F79EFBC}") = "CalProj", "CalProj\CalProj.csproj", "{CF5D1849-252F-407A-BDFE-5E6FAF3C4C35}"
EndProject
Project("{2150E333-8FDC-42A3-9474-1A3956D46DE8}") = "Solution Items", "Solution Items", "{2B3234A9-05CA-47A0-AC00-485BBDAD1688}"
EndProject
Global
	GlobalSection(SolutionConfigurationPlatforms) = preSolution
		Debug|Any CPU = Debug|Any CPU
		Release|Any CPU = Release|Any CPU
		SignedRelease|Any CPU = SignedRelease|Any CPU
	EndGlobalSection
	GlobalSection(ProjectConfigurationPlatforms) = postSolution
		{CF5D1849-252F-407A-BDFE-5E6FAF3C4C35}.Debug|Any CPU.ActiveCfg = Debug|Any CPU
		{CF5D1849-252F-407A-BDFE-5E6FAF3C4C35}.Debug|Any CPU.Build.0 = Debug|Any CPU
		{CF5D1849-252F-407A-BDFE-5E6FAF3C4C35}.Release|Any CPU.ActiveCfg = Release|Any CPU
		{CF5D1849-252F-407A-BDFE-5E6FAF3C4C35}.Release|Any CPU.Build.0 = Release|Any CPU
		{CF5D1849-252F-407A-BDFE-5E6FAF3C4C35}.SignedRelease|Any CPU.ActiveCfg = Release|Any CPU
		{CF5D1849-252F-407A-BDFE-5E6FAF3C4C35}.SignedRelease|Any CPU.Build.0 = Release|Any CPU
	EndGlobalSection
	GlobalSection(SolutionProperties) = preSolution
		HideSolutionNode = FALSE
	EndGlobalSection
EndGlobal
